
Microsoft Visual Studio Solution File, Format Version 12.00
# Visual Studio Version 17
VisualStudioVersion = 17.5.33424.131
MinimumVisualStudioVersion = 10.0.40219.1
Project("{888888A0-9F3D-457C-B088-3A5042F75D52}") = "Project 1b", "Project 1b\Project 1b.pyproj", "{68F070D8-7EFD-4A4A-9CB7-C4166D08051B}"
EndProject
Global
	GlobalSection(SolutionConfigurationPlatforms) = preSolution
		Debug|Any CPU = Debug|Any CPU
		Release|Any CPU = Release|Any CPU
	EndGlobalSection
	GlobalSection(ProjectConfigurationPlatforms) = postSolution
		{68F070D8-7EFD-4A4A-9CB7-C4166D08051B}.Debug|Any CPU.ActiveCfg = Debug|Any CPU
		{68F070D8-7EFD-4A4A-9CB7-C4166D08051B}.Release|Any CPU.ActiveCfg = Release|Any CPU
	EndGlobalSection
	GlobalSection(SolutionProperties) = preSolution
		HideSolutionNode = FALSE
	EndGlobalSection
	GlobalSection(ExtensibilityGlobals) = postSolution
		SolutionGuid = {DA208819-8D43-4824-89EB-39710E8E81FC}
	EndGlobalSection
EndGlobal
